
Microsoft Visual Studio Solution File, Format Version 12.00
# Visual Studio Version 17
VisualStudioVersion = 17.8.34511.84
MinimumVisualStudioVersion = 10.0.40219.1
Project("{9A19103F-16F7-4668-BE54-9A1E7A4F7556}") = "Tavernkeep.Server", "src\Tavernkeep.Server\Tavernkeep.Server.csproj", "{72EE961E-7343-401F-AAE9-2F42F8CE1E3C}"
EndProject
Project("{54A90642-561A-4BB1-A94E-469ADEE60C69}") = "tavernkeep.client", "src\tavernkeep.client\tavernkeep.client.esproj", "{2A192FE0-95CE-4B5C-A8A4-31421A625C9C}"
EndProject
Project("{9A19103F-16F7-4668-BE54-9A1E7A4F7556}") = "Tavernkeep.Core", "src\Tavernkeep.Core\Tavernkeep.Core.csproj", "{CC9C9F69-E6E3-4367-86E0-B59CA8781074}"
EndProject
Project("{FAE04EC0-301F-11D3-BF4B-00C04F79EFBC}") = "Tavernkeep.Shared", "src\Tavernkeep.Shared\Tavernkeep.Shared.csproj", "{478B80A1-665E-4E6C-B1F7-C47E6C285743}"
EndProject
Global
	GlobalSection(SolutionConfigurationPlatforms) = preSolution
		Debug|Any CPU = Debug|Any CPU
		Release|Any CPU = Release|Any CPU
	EndGlobalSection
	GlobalSection(ProjectConfigurationPlatforms) = postSolution
		{72EE961E-7343-401F-AAE9-2F42F8CE1E3C}.Debug|Any CPU.ActiveCfg = Debug|Any CPU
		{72EE961E-7343-401F-AAE9-2F42F8CE1E3C}.Debug|Any CPU.Build.0 = Debug|Any CPU
		{72EE961E-7343-401F-AAE9-2F42F8CE1E3C}.Release|Any CPU.ActiveCfg = Release|Any CPU
		{72EE961E-7343-401F-AAE9-2F42F8CE1E3C}.Release|Any CPU.Build.0 = Release|Any CPU
		{2A192FE0-95CE-4B5C-A8A4-31421A625C9C}.Debug|Any CPU.ActiveCfg = Debug|Any CPU
		{2A192FE0-95CE-4B5C-A8A4-31421A625C9C}.Debug|Any CPU.Build.0 = Debug|Any CPU
		{2A192FE0-95CE-4B5C-A8A4-31421A625C9C}.Debug|Any CPU.Deploy.0 = Debug|Any CPU
		{2A192FE0-95CE-4B5C-A8A4-31421A625C9C}.Release|Any CPU.ActiveCfg = Release|Any CPU
		{2A192FE0-95CE-4B5C-A8A4-31421A625C9C}.Release|Any CPU.Build.0 = Release|Any CPU
		{2A192FE0-95CE-4B5C-A8A4-31421A625C9C}.Release|Any CPU.Deploy.0 = Release|Any CPU
		{CC9C9F69-E6E3-4367-86E0-B59CA8781074}.Debug|Any CPU.ActiveCfg = Debug|Any CPU
		{CC9C9F69-E6E3-4367-86E0-B59CA8781074}.Debug|Any CPU.Build.0 = Debug|Any CPU
		{CC9C9F69-E6E3-4367-86E0-B59CA8781074}.Release|Any CPU.ActiveCfg = Release|Any CPU
		{CC9C9F69-E6E3-4367-86E0-B59CA8781074}.Release|Any CPU.Build.0 = Release|Any CPU
		{478B80A1-665E-4E6C-B1F7-C47E6C285743}.Debug|Any CPU.ActiveCfg = Debug|Any CPU
		{478B80A1-665E-4E6C-B1F7-C47E6C285743}.Debug|Any CPU.Build.0 = Debug|Any CPU
		{478B80A1-665E-4E6C-B1F7-C47E6C285743}.Release|Any CPU.ActiveCfg = Release|Any CPU
		{478B80A1-665E-4E6C-B1F7-C47E6C285743}.Release|Any CPU.Build.0 = Release|Any CPU
	EndGlobalSection
	GlobalSection(SolutionProperties) = preSolution
		HideSolutionNode = FALSE
	EndGlobalSection
	GlobalSection(ExtensibilityGlobals) = postSolution
		SolutionGuid = {E0FB7A50-13CD-48D5-B46E-A8BC9294D7C0}
	EndGlobalSection
EndGlobal
